
Microsoft Visual Studio Solution File, Format Version 12.00
# Visual Studio 14
VisualStudioVersion = 14.0.25420.1
MinimumVisualStudioVersion = 10.0.40219.1
Project("{FAE04EC0-301F-11D3-BF4B-00C04F79EFBC}") = "PlayNGo.FraceMarteja.WebUI", "PlayNGo.FraceMarteja.WebUI\PlayNGo.FraceMarteja.WebUI.csproj", "{03A44C28-2B90-414A-B783-7FCBD1906DF8}"
EndProject
Project("{FAE04EC0-301F-11D3-BF4B-00C04F79EFBC}") = "PlayNGo.FraceMarteja.WebUI.Tests", "PlayNGo.FraceMarteja.WebUI.Tests\PlayNGo.FraceMarteja.WebUI.Tests.csproj", "{6241DE1C-71F3-4351-890A-E20D5CBF5A20}"
EndProject
Project("{00D1A9C2-B5F0-4AF3-8072-F6C62B433612}") = "PlayNGo.FraceMarteja.Database", "PlayNGo.FraceMarteja.Database\PlayNGo.FraceMarteja.Database.sqlproj", "{05F9C2C5-B225-48E3-A87F-CE56B639DD2D}"
EndProject
Project("{FAE04EC0-301F-11D3-BF4B-00C04F79EFBC}") = "PlayNGo.FraceMarteja.DAL", "PlayNGo.FraceMarteja.DAL\PlayNGo.FraceMarteja.DAL.csproj", "{146FE86C-3633-498C-BC53-5B61426D7AAC}"
EndProject
Global
	GlobalSection(SolutionConfigurationPlatforms) = preSolution
		Debug|Any CPU = Debug|Any CPU
		Release|Any CPU = Release|Any CPU
	EndGlobalSection
	GlobalSection(ProjectConfigurationPlatforms) = postSolution
		{03A44C28-2B90-414A-B783-7FCBD1906DF8}.Debug|Any CPU.ActiveCfg = Debug|Any CPU
		{03A44C28-2B90-414A-B783-7FCBD1906DF8}.Debug|Any CPU.Build.0 = Debug|Any CPU
		{03A44C28-2B90-414A-B783-7FCBD1906DF8}.Release|Any CPU.ActiveCfg = Release|Any CPU
		{03A44C28-2B90-414A-B783-7FCBD1906DF8}.Release|Any CPU.Build.0 = Release|Any CPU
		{6241DE1C-71F3-4351-890A-E20D5CBF5A20}.Debug|Any CPU.ActiveCfg = Debug|Any CPU
		{6241DE1C-71F3-4351-890A-E20D5CBF5A20}.Debug|Any CPU.Build.0 = Debug|Any CPU
		{6241DE1C-71F3-4351-890A-E20D5CBF5A20}.Release|Any CPU.ActiveCfg = Release|Any CPU
		{6241DE1C-71F3-4351-890A-E20D5CBF5A20}.Release|Any CPU.Build.0 = Release|Any CPU
		{05F9C2C5-B225-48E3-A87F-CE56B639DD2D}.Debug|Any CPU.ActiveCfg = Debug|Any CPU
		{05F9C2C5-B225-48E3-A87F-CE56B639DD2D}.Debug|Any CPU.Build.0 = Debug|Any CPU
		{05F9C2C5-B225-48E3-A87F-CE56B639DD2D}.Debug|Any CPU.Deploy.0 = Debug|Any CPU
		{05F9C2C5-B225-48E3-A87F-CE56B639DD2D}.Release|Any CPU.ActiveCfg = Release|Any CPU
		{05F9C2C5-B225-48E3-A87F-CE56B639DD2D}.Release|Any CPU.Build.0 = Release|Any CPU
		{05F9C2C5-B225-48E3-A87F-CE56B639DD2D}.Release|Any CPU.Deploy.0 = Release|Any CPU
		{146FE86C-3633-498C-BC53-5B61426D7AAC}.Debug|Any CPU.ActiveCfg = Debug|Any CPU
		{146FE86C-3633-498C-BC53-5B61426D7AAC}.Debug|Any CPU.Build.0 = Debug|Any CPU
		{146FE86C-3633-498C-BC53-5B61426D7AAC}.Release|Any CPU.ActiveCfg = Release|Any CPU
		{146FE86C-3633-498C-BC53-5B61426D7AAC}.Release|Any CPU.Build.0 = Release|Any CPU
	EndGlobalSection
	GlobalSection(SolutionProperties) = preSolution
		HideSolutionNode = FALSE
	EndGlobalSection
EndGlobal
